
Microsoft Visual Studio Solution File, Format Version 12.00
# Visual Studio Version 16
VisualStudioVersion = 16.0.31424.327
MinimumVisualStudioVersion = 10.0.40219.1
Project("{9A19103F-16F7-4668-BE54-9A1E7A4F7556}") = "UserRegistration", "UserRegistration\UserRegistration.csproj", "{C233B73F-769C-4683-B917-81F884347AF4}"
EndProject
Project("{FAE04EC0-301F-11D3-BF4B-00C04F79EFBC}") = "TestProject", "TestProject\TestProject.csproj", "{965254CD-070C-44EA-A97E-EEFAC38C6ED2}"
EndProject
Global
	GlobalSection(SolutionConfigurationPlatforms) = preSolution
		Debug|Any CPU = Debug|Any CPU
		Release|Any CPU = Release|Any CPU
	EndGlobalSection
	GlobalSection(ProjectConfigurationPlatforms) = postSolution
		{C233B73F-769C-4683-B917-81F884347AF4}.Debug|Any CPU.ActiveCfg = Debug|Any CPU
		{C233B73F-769C-4683-B917-81F884347AF4}.Debug|Any CPU.Build.0 = Debug|Any CPU
		{C233B73F-769C-4683-B917-81F884347AF4}.Release|Any CPU.ActiveCfg = Release|Any CPU
		{C233B73F-769C-4683-B917-81F884347AF4}.Release|Any CPU.Build.0 = Release|Any CPU
		{965254CD-070C-44EA-A97E-EEFAC38C6ED2}.Debug|Any CPU.ActiveCfg = Debug|Any CPU
		{965254CD-070C-44EA-A97E-EEFAC38C6ED2}.Debug|Any CPU.Build.0 = Debug|Any CPU
		{965254CD-070C-44EA-A97E-EEFAC38C6ED2}.Release|Any CPU.ActiveCfg = Release|Any CPU
		{965254CD-070C-44EA-A97E-EEFAC38C6ED2}.Release|Any CPU.Build.0 = Release|Any CPU
	EndGlobalSection
	GlobalSection(SolutionProperties) = preSolution
		HideSolutionNode = FALSE
	EndGlobalSection
	GlobalSection(ExtensibilityGlobals) = postSolution
		SolutionGuid = {22EFEC02-582C-403B-90CD-C95BAA49CA2A}
	EndGlobalSection
EndGlobal
